
Microsoft Visual Studio Solution File, Format Version 12.00
# Visual Studio 15
VisualStudioVersion = 15.0.27703.2035
MinimumVisualStudioVersion = 10.0.40219.1
Project("{8BC9CEB8-8B4A-11D0-8D11-00A0C91BC942}") = "ScheduleFriend", "ScheduleFriend\ScheduleFriend.vcxproj", "{72A4A247-E4CF-4339-8AE3-79B644EDE5E8}"
EndProject
Global
	GlobalSection(SolutionConfigurationPlatforms) = preSolution
		Debug|Win32 = Debug|Win32
		Release|Win32 = Release|Win32
	EndGlobalSection
	GlobalSection(ProjectConfigurationPlatforms) = postSolution
		{72A4A247-E4CF-4339-8AE3-79B644EDE5E8}.Debug|Win32.ActiveCfg = Debug|Win32
		{72A4A247-E4CF-4339-8AE3-79B644EDE5E8}.Debug|Win32.Build.0 = Debug|Win32
		{72A4A247-E4CF-4339-8AE3-79B644EDE5E8}.Release|Win32.ActiveCfg = Release|Win32
		{72A4A247-E4CF-4339-8AE3-79B644EDE5E8}.Release|Win32.Build.0 = Release|Win32
	EndGlobalSection
	GlobalSection(SolutionProperties) = preSolution
		HideSolutionNode = FALSE
	EndGlobalSection
	GlobalSection(ExtensibilityGlobals) = postSolution
		SolutionGuid = {7128D21B-08D8-4AE7-AAEB-F9651C49B707}
	EndGlobalSection
EndGlobal
